
Microsoft Visual Studio Solution File, Format Version 12.00
# Visual Studio 15
VisualStudioVersion = 15.0.26730.16
MinimumVisualStudioVersion = 10.0.40219.1
Project("{FAE04EC0-301F-11D3-BF4B-00C04F79EFBC}") = "1. Web Client", "FinTest\1. Web Client.csproj", "{49FA0758-643D-4C37-B785-24B366067398}"
EndProject
Project("{FAE04EC0-301F-11D3-BF4B-00C04F79EFBC}") = "5. FinTest.Tests", "FinTest.Tests\5. FinTest.Tests.csproj", "{DDBD6E45-96FF-45AE-9E5B-4460333EDE93}"
EndProject
Project("{FAE04EC0-301F-11D3-BF4B-00C04F79EFBC}") = "4. DAL", "2. DAL\4. DAL.csproj", "{17CB00E6-5524-4512-A931-B5A130D17848}"
EndProject
Project("{FAE04EC0-301F-11D3-BF4B-00C04F79EFBC}") = "2. DomainModel", "2. DomainModel\2. DomainModel.csproj", "{92A4BF3F-5777-4F71-ABF5-C9EA842D0653}"
EndProject
Project("{FAE04EC0-301F-11D3-BF4B-00C04F79EFBC}") = "3. ServiceLayer", "3. ServiceLayer\3. ServiceLayer.csproj", "{CA5DF39A-0D6F-40A4-8489-93FA7360B325}"
EndProject
Global
	GlobalSection(SolutionConfigurationPlatforms) = preSolution
		Debug|Any CPU = Debug|Any CPU
		Release|Any CPU = Release|Any CPU
	EndGlobalSection
	GlobalSection(ProjectConfigurationPlatforms) = postSolution
		{49FA0758-643D-4C37-B785-24B366067398}.Debug|Any CPU.ActiveCfg = Debug|Any CPU
		{49FA0758-643D-4C37-B785-24B366067398}.Debug|Any CPU.Build.0 = Debug|Any CPU
		{49FA0758-643D-4C37-B785-24B366067398}.Release|Any CPU.ActiveCfg = Release|Any CPU
		{49FA0758-643D-4C37-B785-24B366067398}.Release|Any CPU.Build.0 = Release|Any CPU
		{DDBD6E45-96FF-45AE-9E5B-4460333EDE93}.Debug|Any CPU.ActiveCfg = Debug|Any CPU
		{DDBD6E45-96FF-45AE-9E5B-4460333EDE93}.Debug|Any CPU.Build.0 = Debug|Any CPU
		{DDBD6E45-96FF-45AE-9E5B-4460333EDE93}.Release|Any CPU.ActiveCfg = Release|Any CPU
		{DDBD6E45-96FF-45AE-9E5B-4460333EDE93}.Release|Any CPU.Build.0 = Release|Any CPU
		{17CB00E6-5524-4512-A931-B5A130D17848}.Debug|Any CPU.ActiveCfg = Debug|Any CPU
		{17CB00E6-5524-4512-A931-B5A130D17848}.Debug|Any CPU.Build.0 = Debug|Any CPU
		{17CB00E6-5524-4512-A931-B5A130D17848}.Release|Any CPU.ActiveCfg = Release|Any CPU
		{17CB00E6-5524-4512-A931-B5A130D17848}.Release|Any CPU.Build.0 = Release|Any CPU
		{92A4BF3F-5777-4F71-ABF5-C9EA842D0653}.Debug|Any CPU.ActiveCfg = Debug|Any CPU
		{92A4BF3F-5777-4F71-ABF5-C9EA842D0653}.Debug|Any CPU.Build.0 = Debug|Any CPU
		{92A4BF3F-5777-4F71-ABF5-C9EA842D0653}.Release|Any CPU.ActiveCfg = Release|Any CPU
		{92A4BF3F-5777-4F71-ABF5-C9EA842D0653}.Release|Any CPU.Build.0 = Release|Any CPU
		{CA5DF39A-0D6F-40A4-8489-93FA7360B325}.Debug|Any CPU.ActiveCfg = Debug|Any CPU
		{CA5DF39A-0D6F-40A4-8489-93FA7360B325}.Debug|Any CPU.Build.0 = Debug|Any CPU
		{CA5DF39A-0D6F-40A4-8489-93FA7360B325}.Release|Any CPU.ActiveCfg = Release|Any CPU
		{CA5DF39A-0D6F-40A4-8489-93FA7360B325}.Release|Any CPU.Build.0 = Release|Any CPU
	EndGlobalSection
	GlobalSection(SolutionProperties) = preSolution
		HideSolutionNode = FALSE
	EndGlobalSection
	GlobalSection(ExtensibilityGlobals) = postSolution
		SolutionGuid = {1EA5BCD7-A332-4C69-8A2D-5DC5B49E17B6}
	EndGlobalSection
EndGlobal
